
Microsoft Visual Studio Solution File, Format Version 12.00
# Visual Studio 2012
Project("{FAE04EC0-301F-11D3-BF4B-00C04F79EFBC}") = "LogglyLog4NetAppender", "LogglyLog4NetAppender\LogglyLog4NetAppender.csproj", "{83631E86-1D46-4EFE-8C13-8C1EEEB90200}"
EndProject
Project("{FAE04EC0-301F-11D3-BF4B-00C04F79EFBC}") = "LogglyLog4NetAppenderTests", "LogglyLog4NetAppenderTests\LogglyLog4NetAppenderTests.csproj", "{8F87593F-C283-483F-9417-B4ABCA8F0D02}"
EndProject
Global
	GlobalSection(SolutionConfigurationPlatforms) = preSolution
		Debug|Any CPU = Debug|Any CPU
		Release|Any CPU = Release|Any CPU
	EndGlobalSection
	GlobalSection(ProjectConfigurationPlatforms) = postSolution
		{83631E86-1D46-4EFE-8C13-8C1EEEB90200}.Debug|Any CPU.ActiveCfg = Debug|Any CPU
		{83631E86-1D46-4EFE-8C13-8C1EEEB90200}.Debug|Any CPU.Build.0 = Debug|Any CPU
		{83631E86-1D46-4EFE-8C13-8C1EEEB90200}.Release|Any CPU.ActiveCfg = Release|Any CPU
		{83631E86-1D46-4EFE-8C13-8C1EEEB90200}.Release|Any CPU.Build.0 = Release|Any CPU
		{8F87593F-C283-483F-9417-B4ABCA8F0D02}.Debug|Any CPU.ActiveCfg = Debug|Any CPU
		{8F87593F-C283-483F-9417-B4ABCA8F0D02}.Debug|Any CPU.Build.0 = Debug|Any CPU
		{8F87593F-C283-483F-9417-B4ABCA8F0D02}.Release|Any CPU.ActiveCfg = Release|Any CPU
		{8F87593F-C283-483F-9417-B4ABCA8F0D02}.Release|Any CPU.Build.0 = Release|Any CPU
	EndGlobalSection
	GlobalSection(SolutionProperties) = preSolution
		HideSolutionNode = FALSE
	EndGlobalSection
EndGlobal
